<?xml version="1.0" encoding="utf-8"?>
<Project ToolsVersion="4.0" xmlns="http://schemas.microsoft.com/developer/msbuild/2003">
  <ItemGroup>
    <Filter Include="Quelldateien">
      <UniqueIdentifier>{4FC737F1-C7A5-4376-A066-2A32D752A2FF}</UniqueIdentifier>
      <Extensions>cpp;c;cc;cxx;def;odl;idl;hpj;bat;asm;asmx</Extensions>
    </Filter>
    <Filter Include="Headerdateien">
      <UniqueIdentifier>{93995380-89BD-4b04-88EB-625FBE52EBFB}</UniqueIdentifier>
      <Extensions>h;hh;hpp;hxx;hm;inl;inc;xsd</Extensions>
    </Filter>
  </ItemGroup>
  <ItemGroup>
    <ClCompile Include="FPGBApp.cpp">
      <Filter>Quelldateien</Filter>
    </ClCompile>
    <ClCompile Include="gameboy.cpp">
      <Filter>Quelldateien</Filter>
    </ClCompile>
    <ClCompile Include="Joypad.cpp">
      <Filter>Quelldateien</Filter>
    </ClCompile>
    <ClCompile Include="Memory.cpp">
      <Filter>Quelldateien</Filter>
    </ClCompile>
    <ClCompile Include="Serial.cpp">
      <Filter>Quelldateien</Filter>
    </ClCompile>
    <ClCompile Include="Sound.cpp">
      <Filter>Quelldateien</Filter>
    </ClCompile>
    <ClCompile Include="SoundDMA.cpp">
      <Filter>Quelldateien</Filter>
    </ClCompile>
    <ClCompile Include="Timer.cpp">
      <Filter>Quelldateien</Filter>
    </ClCompile>
    <ClCompile Include="BusTiming.cpp">
      <Filter>Quelldateien</Filter>
    </ClCompile>
    <ClCompile Include="CPU.cpp">
      <Filter>Quelldateien</Filter>
    </ClCompile>
    <ClCompile Include="DMA.cpp">
      <Filter>Quelldateien</Filter>
    </ClCompile>
    <ClCompile Include="EEprom.cpp">
      <Filter>Quelldateien</Filter>
    </ClCompile>
    <ClCompile Include="Flash.cpp">
      <Filter>Quelldateien</Filter>
    </ClCompile>
    <ClCompile Include="GBRegs.cpp">
      <Filter>Quelldateien</Filter>
    </ClCompile>
    <ClCompile Include="gpio.cpp">
      <Filter>Quelldateien</Filter>
    </ClCompile>
    <ClCompile Include="GPU.cpp">
      <Filter>Quelldateien</Filter>
    </ClCompile>
    <ClCompile Include="GPU_Timing.cpp">
      <Filter>Quelldateien</Filter>
    </ClCompile>
    <ClCompile Include="IRP.cpp">
      <Filter>Quelldateien</Filter>
    </ClCompile>
    <ClCompile Include="FileIO.cpp">
      <Filter>Quelldateien</Filter>
    </ClCompile>
    <ClCompile Include="SoundGenerator.cpp">
      <Filter>Quelldateien</Filter>
    </ClCompile>
    <ClCompile Include="SoundChannel.cpp">
      <Filter>Quelldateien</Filter>
    </ClCompile>
    <ClCompile Include="Header.cpp">
      <Filter>Quelldateien</Filter>
    </ClCompile>
  </ItemGroup>
  <ItemGroup>
    <ClInclude Include="gameboy.h">
      <Filter>Headerdateien</Filter>
    </ClInclude>
    <ClInclude Include="types.h">
      <Filter>Headerdateien</Filter>
    </ClInclude>
    <ClInclude Include="GPU_Timing.h">
      <Filter>Headerdateien</Filter>
    </ClInclude>
    <ClInclude Include="Joypad.h">
      <Filter>Headerdateien</Filter>
    </ClInclude>
    <ClInclude Include="Memory.h">
      <Filter>Headerdateien</Filter>
    </ClInclude>
    <ClInclude Include="Serial.h">
      <Filter>Headerdateien</Filter>
    </ClInclude>
    <ClInclude Include="Sound.h">
      <Filter>Headerdateien</Filter>
    </ClInclude>
    <ClInclude Include="SoundDMA.h">
      <Filter>Headerdateien</Filter>
    </ClInclude>
    <ClInclude Include="Timer.h">
      <Filter>Headerdateien</Filter>
    </ClInclude>
    <ClInclude Include="BusTiming.h">
      <Filter>Headerdateien</Filter>
    </ClInclude>
    <ClInclude Include="CPU.h">
      <Filter>Headerdateien</Filter>
    </ClInclude>
    <ClInclude Include="DMA.h">
      <Filter>Headerdateien</Filter>
    </ClInclude>
    <ClInclude Include="EEprom.h">
      <Filter>Headerdateien</Filter>
    </ClInclude>
    <ClInclude Include="Flash.h">
      <Filter>Headerdateien</Filter>
    </ClInclude>
    <ClInclude Include="GBRegs.h">
      <Filter>Headerdateien</Filter>
    </ClInclude>
    <ClInclude Include="gpio.h">
      <Filter>Headerdateien</Filter>
    </ClInclude>
    <ClInclude Include="GPU.h">
      <Filter>Headerdateien</Filter>
    </ClInclude>
    <ClInclude Include="IRP.h">
      <Filter>Headerdateien</Filter>
    </ClInclude>
    <ClInclude Include="FileIO.h">
      <Filter>Headerdateien</Filter>
    </ClInclude>
    <ClInclude Include="SoundGenerator.h">
      <Filter>Headerdateien</Filter>
    </ClInclude>
    <ClInclude Include="SoundChannel.h">
      <Filter>Headerdateien</Filter>
    </ClInclude>
    <ClInclude Include="Header.h">
      <Filter>Headerdateien</Filter>
    </ClInclude>
  </ItemGroup>
</Project>